
Microsoft Visual Studio Solution File, Format Version 12.00
# Visual Studio Version 17
VisualStudioVersion = 17.4.33110.190
MinimumVisualStudioVersion = 10.0.40219.1
Project("{FAE04EC0-301F-11D3-BF4B-00C04F79EFBC}") = "ChatServer.Api", "ChatServer.Api\ChatServer.Api.csproj", "{9C14C335-296A-4FE8-8AD0-3759FCA3640C}"
EndProject
Project("{FAE04EC0-301F-11D3-BF4B-00C04F79EFBC}") = "ChatServer.Shared", "ChatServer.Shared\ChatServer.Shared.csproj", "{11E06B9C-3F89-4458-BA67-ED2B8E21C057}"
EndProject
Project("{FAE04EC0-301F-11D3-BF4B-00C04F79EFBC}") = "ChatServer.Data", "ChatServer.Data\ChatServer.Data.csproj", "{82702259-2DEC-4E0C-B5A0-499CA1283E77}"
EndProject
Global
	GlobalSection(SolutionConfigurationPlatforms) = preSolution
		Debug|Any CPU = Debug|Any CPU
		Release|Any CPU = Release|Any CPU
	EndGlobalSection
	GlobalSection(ProjectConfigurationPlatforms) = postSolution
		{9C14C335-296A-4FE8-8AD0-3759FCA3640C}.Debug|Any CPU.ActiveCfg = Debug|Any CPU
		{9C14C335-296A-4FE8-8AD0-3759FCA3640C}.Debug|Any CPU.Build.0 = Debug|Any CPU
		{9C14C335-296A-4FE8-8AD0-3759FCA3640C}.Release|Any CPU.ActiveCfg = Release|Any CPU
		{9C14C335-296A-4FE8-8AD0-3759FCA3640C}.Release|Any CPU.Build.0 = Release|Any CPU
		{11E06B9C-3F89-4458-BA67-ED2B8E21C057}.Debug|Any CPU.ActiveCfg = Debug|Any CPU
		{11E06B9C-3F89-4458-BA67-ED2B8E21C057}.Debug|Any CPU.Build.0 = Debug|Any CPU
		{11E06B9C-3F89-4458-BA67-ED2B8E21C057}.Release|Any CPU.ActiveCfg = Release|Any CPU
		{11E06B9C-3F89-4458-BA67-ED2B8E21C057}.Release|Any CPU.Build.0 = Release|Any CPU
		{82702259-2DEC-4E0C-B5A0-499CA1283E77}.Debug|Any CPU.ActiveCfg = Debug|Any CPU
		{82702259-2DEC-4E0C-B5A0-499CA1283E77}.Debug|Any CPU.Build.0 = Debug|Any CPU
		{82702259-2DEC-4E0C-B5A0-499CA1283E77}.Release|Any CPU.ActiveCfg = Release|Any CPU
		{82702259-2DEC-4E0C-B5A0-499CA1283E77}.Release|Any CPU.Build.0 = Release|Any CPU
	EndGlobalSection
	GlobalSection(SolutionProperties) = preSolution
		HideSolutionNode = FALSE
	EndGlobalSection
	GlobalSection(ExtensibilityGlobals) = postSolution
		SolutionGuid = {FBE14ED0-9242-473D-BE75-EC5327583A9C}
	EndGlobalSection
EndGlobal
